{
  "name": "keep-track",
  "version": "0.0.1",
  "lockfileVersion": 1,
  "requires": true,
  "dependencies": {
    "@webcomponents/html-imports": {
      "version": "1.2.1",
      "resolved": "https://registry.npmjs.org/@webcomponents/html-imports/-/html-imports-1.2.1.tgz",
      "integrity": "sha512-MKXYw3d8/IyX4b98k7nMN5Gwo2j16DrixnxugGequgJ9qc9ULBfBWiGjWdlbBy4dgtIH0Gh4ktP3Ppt8gsP0OQ=="
    },
    "sanitize.css": {
      "version": "11.0.0",
      "resolved": "https://registry.npmjs.org/sanitize.css/-/sanitize.css-11.0.0.tgz",
      "integrity": "sha512-Ox0X2lk0kOGeODJgT9S9HFv0j5Cz89ir9ILylj62/vejHPdMmahmetfocoQwyiAnseeXyDa+KIbO6ZQJe5n2Lg=="
    }
  }
}
